
Microsoft Visual Studio Solution File, Format Version 12.00
# Visual Studio 15
VisualStudioVersion = 15.0.27004.2006
MinimumVisualStudioVersion = 10.0.40219.1
Project("{FAE04EC0-301F-11D3-BF4B-00C04F79EFBC}") = "Airline.AppData", "Airline.AppData\Airline.AppData.csproj", "{8C31A9A9-3204-4285-89E3-B1C97026F7EF}"
EndProject
Project("{FAE04EC0-301F-11D3-BF4B-00C04F79EFBC}") = "Airline.AppLogic", "Airline.AppLogic\Airline.AppLogic.csproj", "{0D00A8DA-7B3D-422D-8926-56DB90231BFE}"
EndProject
Project("{FAE04EC0-301F-11D3-BF4B-00C04F79EFBC}") = "Airline.Web", "Airline.Web\Airline.Web.csproj", "{5B0B3473-353B-4F88-BE7E-319C64FC0096}"
EndProject
Project("{FAE04EC0-301F-11D3-BF4B-00C04F79EFBC}") = "Airline.Dependency", "Airline.Dependency\Airline.Dependency.csproj", "{BD997E18-5EBD-4C44-88BE-F29E178C6139}"
EndProject
Global
	GlobalSection(SolutionConfigurationPlatforms) = preSolution
		Debug|Any CPU = Debug|Any CPU
		Release|Any CPU = Release|Any CPU
	EndGlobalSection
	GlobalSection(ProjectConfigurationPlatforms) = postSolution
		{8C31A9A9-3204-4285-89E3-B1C97026F7EF}.Debug|Any CPU.ActiveCfg = Debug|Any CPU
		{8C31A9A9-3204-4285-89E3-B1C97026F7EF}.Debug|Any CPU.Build.0 = Debug|Any CPU
		{8C31A9A9-3204-4285-89E3-B1C97026F7EF}.Release|Any CPU.ActiveCfg = Release|Any CPU
		{8C31A9A9-3204-4285-89E3-B1C97026F7EF}.Release|Any CPU.Build.0 = Release|Any CPU
		{0D00A8DA-7B3D-422D-8926-56DB90231BFE}.Debug|Any CPU.ActiveCfg = Debug|Any CPU
		{0D00A8DA-7B3D-422D-8926-56DB90231BFE}.Debug|Any CPU.Build.0 = Debug|Any CPU
		{0D00A8DA-7B3D-422D-8926-56DB90231BFE}.Release|Any CPU.ActiveCfg = Release|Any CPU
		{0D00A8DA-7B3D-422D-8926-56DB90231BFE}.Release|Any CPU.Build.0 = Release|Any CPU
		{5B0B3473-353B-4F88-BE7E-319C64FC0096}.Debug|Any CPU.ActiveCfg = Debug|Any CPU
		{5B0B3473-353B-4F88-BE7E-319C64FC0096}.Debug|Any CPU.Build.0 = Debug|Any CPU
		{5B0B3473-353B-4F88-BE7E-319C64FC0096}.Release|Any CPU.ActiveCfg = Release|Any CPU
		{5B0B3473-353B-4F88-BE7E-319C64FC0096}.Release|Any CPU.Build.0 = Release|Any CPU
		{BD997E18-5EBD-4C44-88BE-F29E178C6139}.Debug|Any CPU.ActiveCfg = Debug|Any CPU
		{BD997E18-5EBD-4C44-88BE-F29E178C6139}.Debug|Any CPU.Build.0 = Debug|Any CPU
		{BD997E18-5EBD-4C44-88BE-F29E178C6139}.Release|Any CPU.ActiveCfg = Release|Any CPU
		{BD997E18-5EBD-4C44-88BE-F29E178C6139}.Release|Any CPU.Build.0 = Release|Any CPU
	EndGlobalSection
	GlobalSection(SolutionProperties) = preSolution
		HideSolutionNode = FALSE
	EndGlobalSection
	GlobalSection(ExtensibilityGlobals) = postSolution
		SolutionGuid = {CCB61C42-91E4-4685-8077-6F34137E5463}
	EndGlobalSection
EndGlobal
