
Microsoft Visual Studio Solution File, Format Version 12.00
# Visual Studio 15
VisualStudioVersion = 15.0.27004.2006
MinimumVisualStudioVersion = 10.0.40219.1
Project("{FAE04EC0-301F-11D3-BF4B-00C04F79EFBC}") = "Airline.AppData", "Airline.AppData\Airline.AppData.csproj", "{8C31A9A9-3204-4285-89E3-B1C97026F7EF}"
EndProject
Project("{FAE04EC0-301F-11D3-BF4B-00C04F79EFBC}") = "Test", "Test\Test.csproj", "{E24FE39B-C943-4B61-BC73-62FB02433B82}"
EndProject
Global
	GlobalSection(SolutionConfigurationPlatforms) = preSolution
		Debug|Any CPU = Debug|Any CPU
		Release|Any CPU = Release|Any CPU
	EndGlobalSection
	GlobalSection(ProjectConfigurationPlatforms) = postSolution
		{8C31A9A9-3204-4285-89E3-B1C97026F7EF}.Debug|Any CPU.ActiveCfg = Debug|Any CPU
		{8C31A9A9-3204-4285-89E3-B1C97026F7EF}.Debug|Any CPU.Build.0 = Debug|Any CPU
		{8C31A9A9-3204-4285-89E3-B1C97026F7EF}.Release|Any CPU.ActiveCfg = Release|Any CPU
		{8C31A9A9-3204-4285-89E3-B1C97026F7EF}.Release|Any CPU.Build.0 = Release|Any CPU
		{E24FE39B-C943-4B61-BC73-62FB02433B82}.Debug|Any CPU.ActiveCfg = Debug|Any CPU
		{E24FE39B-C943-4B61-BC73-62FB02433B82}.Debug|Any CPU.Build.0 = Debug|Any CPU
		{E24FE39B-C943-4B61-BC73-62FB02433B82}.Release|Any CPU.ActiveCfg = Release|Any CPU
		{E24FE39B-C943-4B61-BC73-62FB02433B82}.Release|Any CPU.Build.0 = Release|Any CPU
	EndGlobalSection
	GlobalSection(SolutionProperties) = preSolution
		HideSolutionNode = FALSE
	EndGlobalSection
	GlobalSection(ExtensibilityGlobals) = postSolution
		SolutionGuid = {CCB61C42-91E4-4685-8077-6F34137E5463}
	EndGlobalSection
EndGlobal
